# This file is autogenerated, do not edit; changes may be undone by the next 'dep ensure'.


[[projects]]
  name = "github.com/cloudfoundry/cli"
  packages = [
    "plugin",
    "plugin/fakes",
    "plugin/models"
  ]
  revision = "5df2a5917613bf88663d1059fafa28c15ddfee9d"
  version = "v6.16.1"

[[projects]]
  name = "github.com/onsi/ginkgo"
  packages = [
    ".",
    "config",
    "internal/codelocation",
    "internal/containernode",
    "internal/failer",
    "internal/leafnodes",
    "internal/remote",
    "internal/spec",
    "internal/specrunner",
    "internal/suite",
    "internal/testingtproxy",
    "internal/writer",
    "reporters",
    "reporters/stenographer",
    "types"
  ]
  revision = "cd0c92610a042acf1e5aa5a280ab69ecf0ab6d9b"

[[projects]]
  name = "github.com/onsi/gomega"
  packages = [
    ".",
    "format",
    "internal/assertion",
    "internal/asyncassertion",
    "internal/testingtsupport",
    "matchers",
    "matchers/support/goraph/bipartitegraph",
    "matchers/support/goraph/edge",
    "matchers/support/goraph/node",
    "matchers/support/goraph/util",
    "types"
  ]
  revision = "1d25b76be4fe52267f785ebe434ae816489e3bfa"

[solve-meta]
  analyzer-name = "dep"
  analyzer-version = 1
  inputs-digest = "dfed07a9fecbdbca987f72c3cf1b0f91d0970a8419bc4470731dad072b9e627f"
  solver-name = "gps-cdcl"
  solver-version = 1
